
Microsoft Visual Studio Solution File, Format Version 12.00
# Visual Studio 15
VisualStudioVersion = 15.0.27703.2042
MinimumVisualStudioVersion = 10.0.40219.1
Project("{FAE04EC0-301F-11D3-BF4B-00C04F79EFBC}") = "EuroBakerieAPp", "EuroBakerieAPp\EuroBakerieAPp.csproj", "{A254AE14-DA9B-4AF3-94B3-BB2B44D07247}"
EndProject
Project("{2150E333-8FDC-42A3-9474-1A3956D46DE8}") = "Resources", "Resources", "{185B095B-F6AB-4DA3-981A-FBA04A43289D}"
EndProject
Project("{FAE04EC0-301F-11D3-BF4B-00C04F79EFBC}") = "Xceed.Wpf.Toolkit", "..\..\..\..\Downloads\wpftoolkit-master\wpftoolkit-master\ExtendedWPFToolkitSolution\Src\Xceed.Wpf.Toolkit\Xceed.Wpf.Toolkit.csproj", "{72E591D6-8F83-4D8C-8F67-9C325E623234}"
EndProject
Global
	GlobalSection(SolutionConfigurationPlatforms) = preSolution
		Debug|Any CPU = Debug|Any CPU
		Release|Any CPU = Release|Any CPU
	EndGlobalSection
	GlobalSection(ProjectConfigurationPlatforms) = postSolution
		{A254AE14-DA9B-4AF3-94B3-BB2B44D07247}.Debug|Any CPU.ActiveCfg = Debug|Any CPU
		{A254AE14-DA9B-4AF3-94B3-BB2B44D07247}.Debug|Any CPU.Build.0 = Debug|Any CPU
		{A254AE14-DA9B-4AF3-94B3-BB2B44D07247}.Release|Any CPU.ActiveCfg = Release|Any CPU
		{A254AE14-DA9B-4AF3-94B3-BB2B44D07247}.Release|Any CPU.Build.0 = Release|Any CPU
		{72E591D6-8F83-4D8C-8F67-9C325E623234}.Debug|Any CPU.ActiveCfg = Debug|Any CPU
		{72E591D6-8F83-4D8C-8F67-9C325E623234}.Debug|Any CPU.Build.0 = Debug|Any CPU
		{72E591D6-8F83-4D8C-8F67-9C325E623234}.Release|Any CPU.ActiveCfg = Release|Any CPU
		{72E591D6-8F83-4D8C-8F67-9C325E623234}.Release|Any CPU.Build.0 = Release|Any CPU
	EndGlobalSection
	GlobalSection(SolutionProperties) = preSolution
		HideSolutionNode = FALSE
	EndGlobalSection
	GlobalSection(ExtensibilityGlobals) = postSolution
		SolutionGuid = {65B33DAF-BBD2-4B47-9BD0-38E39E0A77C7}
	EndGlobalSection
EndGlobal
